
Microsoft Visual Studio Solution File, Format Version 12.00
# Visual Studio Version 17
VisualStudioVersion = 17.5.33414.496
MinimumVisualStudioVersion = 10.0.40219.1
Project("{FAE04EC0-301F-11D3-BF4B-00C04F79EFBC}") = "EasyMicroservices.Security", "EasyMicroservices.Security\EasyMicroservices.Security.csproj", "{0322F711-2642-4DF6-9C1A-E8485475E965}"
EndProject
Global
	GlobalSection(SolutionConfigurationPlatforms) = preSolution
		Debug|Any CPU = Debug|Any CPU
		Release|Any CPU = Release|Any CPU
	EndGlobalSection
	GlobalSection(ProjectConfigurationPlatforms) = postSolution
		{0322F711-2642-4DF6-9C1A-E8485475E965}.Debug|Any CPU.ActiveCfg = Debug|Any CPU
		{0322F711-2642-4DF6-9C1A-E8485475E965}.Debug|Any CPU.Build.0 = Debug|Any CPU
		{0322F711-2642-4DF6-9C1A-E8485475E965}.Release|Any CPU.ActiveCfg = Release|Any CPU
		{0322F711-2642-4DF6-9C1A-E8485475E965}.Release|Any CPU.Build.0 = Release|Any CPU
	EndGlobalSection
	GlobalSection(SolutionProperties) = preSolution
		HideSolutionNode = FALSE
	EndGlobalSection
	GlobalSection(ExtensibilityGlobals) = postSolution
		SolutionGuid = {44FB3C45-3425-46B3-85AC-93750A00B164}
	EndGlobalSection
EndGlobal
