
Microsoft Visual Studio Solution File, Format Version 12.00
# Visual Studio Version 17
VisualStudioVersion = 17.5.33414.496
MinimumVisualStudioVersion = 10.0.40219.1
Project("{2150E333-8FDC-42A3-9474-1A3956D46DE8}") = "App", "App", "{446F682E-AF23-4B11-B0F9-FF53D86A9363}"
EndProject
Project("{2150E333-8FDC-42A3-9474-1A3956D46DE8}") = "Abstractions", "Abstractions", "{69F35B3A-6C0D-4274-BEB0-85FE07F2116C}"
EndProject
Project("{2150E333-8FDC-42A3-9474-1A3956D46DE8}") = "Implementations", "Implementations", "{64DFAF0F-194E-496B-BDC1-D9F0F75DD208}"
EndProject
Project("{2150E333-8FDC-42A3-9474-1A3956D46DE8}") = "Tests", "Tests", "{DEE5127D-AA61-4CD9-9046-9C9CDA5DD385}"
EndProject
Project("{FAE04EC0-301F-11D3-BF4B-00C04F79EFBC}") = "EasyMicroservices.Security", "EasyMicroservices.Security\EasyMicroservices.Security.csproj", "{2906593E-6239-41EB-98AC-EA163804A9AE}"
EndProject
Global
	GlobalSection(SolutionConfigurationPlatforms) = preSolution
		Debug|Any CPU = Debug|Any CPU
		Release|Any CPU = Release|Any CPU
	EndGlobalSection
	GlobalSection(ProjectConfigurationPlatforms) = postSolution
		{2906593E-6239-41EB-98AC-EA163804A9AE}.Debug|Any CPU.ActiveCfg = Debug|Any CPU
		{2906593E-6239-41EB-98AC-EA163804A9AE}.Debug|Any CPU.Build.0 = Debug|Any CPU
		{2906593E-6239-41EB-98AC-EA163804A9AE}.Release|Any CPU.ActiveCfg = Release|Any CPU
		{2906593E-6239-41EB-98AC-EA163804A9AE}.Release|Any CPU.Build.0 = Release|Any CPU
	EndGlobalSection
	GlobalSection(SolutionProperties) = preSolution
		HideSolutionNode = FALSE
	EndGlobalSection
	GlobalSection(NestedProjects) = preSolution
		{69F35B3A-6C0D-4274-BEB0-85FE07F2116C} = {446F682E-AF23-4B11-B0F9-FF53D86A9363}
		{64DFAF0F-194E-496B-BDC1-D9F0F75DD208} = {446F682E-AF23-4B11-B0F9-FF53D86A9363}
		{DEE5127D-AA61-4CD9-9046-9C9CDA5DD385} = {446F682E-AF23-4B11-B0F9-FF53D86A9363}
		{2906593E-6239-41EB-98AC-EA163804A9AE} = {69F35B3A-6C0D-4274-BEB0-85FE07F2116C}
	EndGlobalSection
	GlobalSection(ExtensibilityGlobals) = postSolution
		SolutionGuid = {44FB3C45-3425-46B3-85AC-93750A00B164}
	EndGlobalSection
EndGlobal
